
Microsoft Visual Studio Solution File, Format Version 11.00
# Visual Studio 2010
Project("{8BC9CEB8-8B4A-11D0-8D11-00A0C91BC942}") = "Libreria", "Libreria.vcxproj", "{1838F052-D4D5-108F-45C5-4BCC0824293A}"
EndProject
Project("{8BC9CEB8-8B4A-11D0-8D11-00A0C91BC942}") = "TestLibreria", "TestLibreria\TestLibreria.vcxproj", "{1D353BEC-AC03-6157-D53A-14E60D3A32D7}"
	ProjectSection(ProjectDependencies) = postProject
		{1838F052-D4D5-108F-45C5-4BCC0824293A} = {1838F052-D4D5-108F-45C5-4BCC0824293A}
	EndProjectSection
EndProject
Global
	GlobalSection(SolutionConfigurationPlatforms) = preSolution
		Debug|Win32 = Debug|Win32
		Release|Win32 = Release|Win32
		Template|Win32 = Template|Win32
	EndGlobalSection
	GlobalSection(ProjectConfigurationPlatforms) = postSolution
		{1838F052-D4D5-108F-45C5-4BCC0824293A}.Debug|Win32.ActiveCfg = Debug|Win32
		{1838F052-D4D5-108F-45C5-4BCC0824293A}.Debug|Win32.Build.0 = Debug|Win32
		{1838F052-D4D5-108F-45C5-4BCC0824293A}.Release|Win32.ActiveCfg = Release|Win32
		{1838F052-D4D5-108F-45C5-4BCC0824293A}.Release|Win32.Build.0 = Release|Win32
		{1838F052-D4D5-108F-45C5-4BCC0824293A}.Template|Win32.ActiveCfg = Release|Win32
		{1838F052-D4D5-108F-45C5-4BCC0824293A}.Template|Win32.Build.0 = Release|Win32
		{1D353BEC-AC03-6157-D53A-14E60D3A32D7}.Debug|Win32.ActiveCfg = Debug|Win32
		{1D353BEC-AC03-6157-D53A-14E60D3A32D7}.Debug|Win32.Build.0 = Debug|Win32
		{1D353BEC-AC03-6157-D53A-14E60D3A32D7}.Release|Win32.ActiveCfg = Release|Win32
		{1D353BEC-AC03-6157-D53A-14E60D3A32D7}.Release|Win32.Build.0 = Release|Win32
		{1D353BEC-AC03-6157-D53A-14E60D3A32D7}.Template|Win32.ActiveCfg = Template|Win32
		{1D353BEC-AC03-6157-D53A-14E60D3A32D7}.Template|Win32.Build.0 = Template|Win32
	EndGlobalSection
	GlobalSection(SolutionProperties) = preSolution
		HideSolutionNode = FALSE
	EndGlobalSection
EndGlobal
